<?xml version="1.0" encoding="UTF-8" standalone="yes" ?>
<CodeBlocks_project_file>
	<FileVersion major="1" minor="6" />
	<Project>
		<Option title="mdpr" />
		<Option pch_mode="2" />
		<Option compiler="gcc" />
		<Build>
			<Target title="Debug">
				<Option output="bin/Debug/mdpr" prefix_auto="1" extension_auto="1" />
				<Option working_dir="./../" />
				<Option object_output="obj/Debug/" />
				<Option type="1" />
				<Option compiler="gcc" />
				<Compiler>
					<Add option="-g" />
				</Compiler>
				<Linker>
					<Add library="clanCore" />
					<Add library="clanGL" />
					<Add library="clanApp" />
					<Add library="clanGUI" />
					<Add library="clanNetwork" />
					<Add library="clanGUIStyleSilver" />
				</Linker>
			</Target>
			<Target title="Release">
				<Option output="bin/Release/mdpr" prefix_auto="1" extension_auto="1" />
				<Option object_output="obj/Release/" />
				<Option type="1" />
				<Option compiler="gcc" />
				<Compiler>
					<Add option="-O2" />
				</Compiler>
				<Linker>
					<Add option="-s" />
					<Add library="clanCore" />
					<Add library="clanGL" />
					<Add library="clanApp" />
					<Add library="clanGUI" />
					<Add library="clanNetwork" />
					<Add library="clanGUIStyleSilver" />
				</Linker>
			</Target>
		</Build>
		<Compiler>
			<Add option="-Wall" />
		</Compiler>
		<Unit filename="src/MDPRApplication.cpp" />
		<Unit filename="src/MDPRApplication.hpp" />
		<Unit filename="src/MDPRGame.cpp" />
		<Unit filename="src/MDPRGame.hpp" />
		<Unit filename="src/engine.cpp" />
		<Unit filename="src/engine.hpp" />
		<Unit filename="src/menu/menuGeneric.cpp" />
		<Unit filename="src/menu/menuGeneric.hpp" />
		<Unit filename="src/menu/menuMain.cpp" />
		<Unit filename="src/menu/menuMain.hpp" />
		<Unit filename="src/menu/menuManager.cpp" />
		<Unit filename="src/menu/menuManager.hpp" />
		<Unit filename="src/menu/menuOptions.cpp" />
		<Unit filename="src/menu/menuOptions.hpp" />
		<Unit filename="src/menu/menuProfile.cpp" />
		<Unit filename="src/menu/menuProfile.hpp" />
		<Unit filename="src/network/network.cpp" />
		<Unit filename="src/network/network.hpp" />
		<Unit filename="src/network/networkClient.cpp" />
		<Unit filename="src/network/networkClient.hpp" />
		<Unit filename="src/network/networkServer.cpp" />
		<Unit filename="src/network/networkServer.hpp" />
		<Unit filename="src/sprite/genericSprite.cpp" />
		<Unit filename="src/sprite/genericSprite.hpp" />
		<Unit filename="src/sprite/player.cpp" />
		<Unit filename="src/sprite/player.hpp" />
		<Unit filename="src/sprite/spriteManager.cpp" />
		<Unit filename="src/sprite/spriteManager.hpp" />
		<Extensions>
			<code_completion />
			<envvars />
			<debugger />
			<lib_finder disable_auto="1">
				<lib name="clanNetwork-0.8" />
				<lib name="clanGL-0.8" />
				<lib name="clanGUI-0.8" />
				<lib name="clanSignals-0.8" />
				<lib name="clanDisplay-0.8" />
				<lib name="clanGUIStyleSilver-0.8" />
				<lib name="clanCore-0.8" />
				<lib name="clanApp-0.8" />
			</lib_finder>
		</Extensions>
	</Project>
</CodeBlocks_project_file>
